<?xml version="1.0" encoding="UTF-8"?>
<!DOCTYPE plist PUBLIC "-//Apple//DTD PLIST 1.0//EN" "http://www.apple.com/DTDs/PropertyList-1.0.dtd">
<plist version="1.0">
<dict>
	<key>archiveVersion</key>
	<string>1</string>
	<key>classes</key>
	<dict/>
	<key>objectVersion</key>
	<string>46</string>
	<key>objects</key>
	<dict>
		<key>2B8FD4A4FEFB470F9C0B32E1</key>
		<dict>
			<key>includeInIndex</key>
			<string>1</string>
			<key>isa</key>
			<string>PBXFileReference</string>
			<key>lastKnownFileType</key>
			<string>text.xcconfig</string>
			<key>name</key>
			<string>Pods.xcconfig</string>
			<key>path</key>
			<string>Pods/Pods.xcconfig</string>
			<key>sourceTree</key>
			<string>&lt;group&gt;</string>
		</dict>
		<key>5757BC44128B432E890515DD</key>
		<dict>
			<key>explicitFileType</key>
			<string>archive.ar</string>
			<key>includeInIndex</key>
			<string>0</string>
			<key>isa</key>
			<string>PBXFileReference</string>
			<key>path</key>
			<string>libPods.a</string>
			<key>sourceTree</key>
			<string>BUILT_PRODUCTS_DIR</string>
		</dict>
		<key>9D35CD5918FFDC9E001228EC</key>
		<dict>
			<key>children</key>
			<array>
				<string>9D35CD5A18FFDC9E001228EC</string>
				<string>9D35CD5B18FFDC9E001228EC</string>
				<string>9D35CD5C18FFDC9E001228EC</string>
				<string>9D35CD5D18FFDC9E001228EC</string>
				<string>9D35CD5E18FFDC9E001228EC</string>
				<string>9D35CD5F18FFDC9E001228EC</string>
				<string>9D35CD6018FFDC9E001228EC</string>
				<string>9D35CD6118FFDC9E001228EC</string>
				<string>9D35CD6218FFDC9E001228EC</string>
				<string>9D35CD6318FFDC9E001228EC</string>
				<string>9D35CD6418FFDC9E001228EC</string>
				<string>9D35CD6518FFDC9E001228EC</string>
				<string>9D35CD6618FFDC9E001228EC</string>
				<string>9D35CD6718FFDC9E001228EC</string>
				<string>9D35CD6818FFDC9E001228EC</string>
				<string>9D35CD6918FFDC9E001228EC</string>
				<string>9D35CD6A18FFDC9E001228EC</string>
				<string>9D35CD6B18FFDC9E001228EC</string>
				<string>9D35CD6C18FFDC9E001228EC</string>
				<string>9D35CD6D18FFDC9E001228EC</string>
				<string>9D35CD6E18FFDC9E001228EC</string>
				<string>9D35CD6F18FFDC9E001228EC</string>
				<string>9D35CD7018FFDC9E001228EC</string>
				<string>9D35CD7118FFDC9E001228EC</string>
				<string>9D35CD7218FFDC9E001228EC</string>
				<string>9D35CD7318FFDC9E001228EC</string>
				<string>9D35CD7418FFDC9E001228EC</string>
				<string>9D35CD7518FFDC9E001228EC</string>
				<string>9D35CD7618FFDC9E001228EC</string>
				<string>9D35CD7718FFDC9E001228EC</string>
				<string>9D35CD7818FFDC9E001228EC</string>
				<string>9D35CD7918FFDC9E001228EC</string>
				<string>9D35CD7A18FFDC9E001228EC</string>
				<string>9D35CD7B18FFDC9E001228EC</string>
				<string>9D35CD7C18FFDC9E001228EC</string>
				<string>9D35CD7D18FFDC9E001228EC</string>
				<string>9D35CD7E18FFDC9E001228EC</string>
				<string>9D35CD7F18FFDC9E001228EC</string>
				<string>9D35CD8018FFDC9E001228EC</string>
				<string>9D35CD8118FFDC9E001228EC</string>
				<string>9D35CD8218FFDC9E001228EC</string>
				<string>9D35CD8318FFDC9E001228EC</string>
				<string>9D35CD8418FFDC9E001228EC</string>
				<string>9D35CD8518FFDC9E001228EC</string>
				<string>9D35CD8618FFDC9E001228EC</string>
				<string>9D35CD8718FFDC9E001228EC</string>
				<string>9D35CD8818FFDC9E001228EC</string>
				<string>9D35CD8918FFDC9E001228EC</string>
				<string>9D35CD8A18FFDC9E001228EC</string>
				<string>9D35CD8B18FFDC9E001228EC</string>
				<string>9D35CD8C18FFDC9E001228EC</string>
				<string>9D35CD8D18FFDC9E001228EC</string>
				<string>9D35CD8E18FFDC9E001228EC</string>
				<string>9D35CD8F18FFDC9E001228EC</string>
				<string>9D35CD9018FFDC9E001228EC</string>
				<string>9D35CD9118FFDC9E001228EC</string>
				<string>9D35CD9218FFDC9E001228EC</string>
				<string>9D35CD9318FFDC9E001228EC</string>
				<string>9D35CD9418FFDC9E001228EC</string>
				<string>9D35CD9518FFDC9E001228EC</string>
				<string>9D35CD9618FFDC9E001228EC</string>
				<string>9D35CD9718FFDC9E001228EC</string>
			</array>
			<key>isa</key>
			<string>PBXGroup</string>
			<key>path</key>
			<string>AllJoynFramework</string>
			<key>sourceTree</key>
			<string>&lt;group&gt;</string>
		</dict>
		<key>9D35CD5A18FFDC9E001228EC</key>
		<dict>
			<key>fileEncoding</key>
			<string>4</string>
			<key>isa</key>
			<string>PBXFileReference</string>
			<key>lastKnownFileType</key>
			<string>sourcecode.c.h</string>
			<key>path</key>
			<string>AJNAuthenticationListener.h</string>
			<key>sourceTree</key>
			<string>&lt;group&gt;</string>
		</dict>
		<key>9D35CD5B18FFDC9E001228EC</key>
		<dict>
			<key>fileEncoding</key>
			<string>4</string>
			<key>isa</key>
			<string>PBXFileReference</string>
			<key>lastKnownFileType</key>
			<string>sourcecode.c.h</string>
			<key>path</key>
			<string>AJNAuthenticationListenerImpl.h</string>
			<key>sourceTree</key>
			<string>&lt;group&gt;</string>
		</dict>
		<key>9D35CD5C18FFDC9E001228EC</key>
		<dict>
			<key>fileEncoding</key>
			<string>4</string>
			<key>isa</key>
			<string>PBXFileReference</string>
			<key>lastKnownFileType</key>
			<string>sourcecode.cpp.objcpp</string>
			<key>path</key>
			<string>AJNAuthenticationListenerImpl.mm</string>
			<key>sourceTree</key>
			<string>&lt;group&gt;</string>
		</dict>
		<key>9D35CD5D18FFDC9E001228EC</key>
		<dict>
			<key>fileEncoding</key>
			<string>4</string>
			<key>isa</key>
			<string>PBXFileReference</string>
			<key>lastKnownFileType</key>
			<string>sourcecode.c.h</string>
			<key>path</key>
			<string>AJNBus.h</string>
			<key>sourceTree</key>
			<string>&lt;group&gt;</string>
		</dict>
		<key>9D35CD5E18FFDC9E001228EC</key>
		<dict>
			<key>fileEncoding</key>
			<string>4</string>
			<key>isa</key>
			<string>PBXFileReference</string>
			<key>lastKnownFileType</key>
			<string>sourcecode.c.objc</string>
			<key>path</key>
			<string>AJNBus.m</string>
			<key>sourceTree</key>
			<string>&lt;group&gt;</string>
		</dict>
		<key>9D35CD5F18FFDC9E001228EC</key>
		<dict>
			<key>fileEncoding</key>
			<string>4</string>
			<key>isa</key>
			<string>PBXFileReference</string>
			<key>lastKnownFileType</key>
			<string>sourcecode.c.h</string>
			<key>path</key>
			<string>AJNBusAttachment.h</string>
			<key>sourceTree</key>
			<string>&lt;group&gt;</string>
		</dict>
		<key>9D35CD6018FFDC9E001228EC</key>
		<dict>
			<key>fileEncoding</key>
			<string>4</string>
			<key>isa</key>
			<string>PBXFileReference</string>
			<key>lastKnownFileType</key>
			<string>sourcecode.cpp.objcpp</string>
			<key>path</key>
			<string>AJNBusAttachment.mm</string>
			<key>sourceTree</key>
			<string>&lt;group&gt;</string>
		</dict>
		<key>9D35CD6118FFDC9E001228EC</key>
		<dict>
			<key>fileEncoding</key>
			<string>4</string>
			<key>isa</key>
			<string>PBXFileReference</string>
			<key>lastKnownFileType</key>
			<string>sourcecode.c.h</string>
			<key>path</key>
			<string>AJNBusController.h</string>
			<key>sourceTree</key>
			<string>&lt;group&gt;</string>
		</dict>
		<key>9D35CD6218FFDC9E001228EC</key>
		<dict>
			<key>fileEncoding</key>
			<string>4</string>
			<key>isa</key>
			<string>PBXFileReference</string>
			<key>lastKnownFileType</key>
			<string>sourcecode.c.h</string>
			<key>path</key>
			<string>AJNBusInterface.h</string>
			<key>sourceTree</key>
			<string>&lt;group&gt;</string>
		</dict>
		<key>9D35CD6318FFDC9E001228EC</key>
		<dict>
			<key>fileEncoding</key>
			<string>4</string>
			<key>isa</key>
			<string>PBXFileReference</string>
			<key>lastKnownFileType</key>
			<string>sourcecode.c.h</string>
			<key>path</key>
			<string>AJNBusListener.h</string>
			<key>sourceTree</key>
			<string>&lt;group&gt;</string>
		</dict>
		<key>9D35CD6418FFDC9E001228EC</key>
		<dict>
			<key>fileEncoding</key>
			<string>4</string>
			<key>isa</key>
			<string>PBXFileReference</string>
			<key>lastKnownFileType</key>
			<string>sourcecode.c.h</string>
			<key>path</key>
			<string>AJNBusListenerImpl.h</string>
			<key>sourceTree</key>
			<string>&lt;group&gt;</string>
		</dict>
		<key>9D35CD6518FFDC9E001228EC</key>
		<dict>
			<key>fileEncoding</key>
			<string>4</string>
			<key>isa</key>
			<string>PBXFileReference</string>
			<key>lastKnownFileType</key>
			<string>sourcecode.cpp.objcpp</string>
			<key>path</key>
			<string>AJNBusListenerImpl.mm</string>
			<key>sourceTree</key>
			<string>&lt;group&gt;</string>
		</dict>
		<key>9D35CD6618FFDC9E001228EC</key>
		<dict>
			<key>fileEncoding</key>
			<string>4</string>
			<key>isa</key>
			<string>PBXFileReference</string>
			<key>lastKnownFileType</key>
			<string>sourcecode.c.h</string>
			<key>path</key>
			<string>AJNBusObject.h</string>
			<key>sourceTree</key>
			<string>&lt;group&gt;</string>
		</dict>
		<key>9D35CD6718FFDC9E001228EC</key>
		<dict>
			<key>fileEncoding</key>
			<string>4</string>
			<key>isa</key>
			<string>PBXFileReference</string>
			<key>lastKnownFileType</key>
			<string>sourcecode.cpp.objcpp</string>
			<key>path</key>
			<string>AJNBusObject.mm</string>
			<key>sourceTree</key>
			<string>&lt;group&gt;</string>
		</dict>
		<key>9D35CD6818FFDC9E001228EC</key>
		<dict>
			<key>fileEncoding</key>
			<string>4</string>
			<key>isa</key>
			<string>PBXFileReference</string>
			<key>lastKnownFileType</key>
			<string>sourcecode.c.h</string>
			<key>path</key>
			<string>AJNBusObjectImpl.h</string>
			<key>sourceTree</key>
			<string>&lt;group&gt;</string>
		</dict>
		<key>9D35CD6918FFDC9E001228EC</key>
		<dict>
			<key>fileEncoding</key>
			<string>4</string>
			<key>isa</key>
			<string>PBXFileReference</string>
			<key>lastKnownFileType</key>
			<string>sourcecode.cpp.objcpp</string>
			<key>path</key>
			<string>AJNBusObjectImpl.mm</string>
			<key>sourceTree</key>
			<string>&lt;group&gt;</string>
		</dict>
		<key>9D35CD6A18FFDC9E001228EC</key>
		<dict>
			<key>fileEncoding</key>
			<string>4</string>
			<key>isa</key>
			<string>PBXFileReference</string>
			<key>lastKnownFileType</key>
			<string>sourcecode.c.h</string>
			<key>path</key>
			<string>AJNClientController.h</string>
			<key>sourceTree</key>
			<string>&lt;group&gt;</string>
		</dict>
		<key>9D35CD6B18FFDC9E001228EC</key>
		<dict>
			<key>fileEncoding</key>
			<string>4</string>
			<key>isa</key>
			<string>PBXFileReference</string>
			<key>lastKnownFileType</key>
			<string>sourcecode.c.objc</string>
			<key>path</key>
			<string>AJNClientController.m</string>
			<key>sourceTree</key>
			<string>&lt;group&gt;</string>
		</dict>
		<key>9D35CD6C18FFDC9E001228EC</key>
		<dict>
			<key>fileEncoding</key>
			<string>4</string>
			<key>isa</key>
			<string>PBXFileReference</string>
			<key>lastKnownFileType</key>
			<string>sourcecode.c.h</string>
			<key>path</key>
			<string>AJNHandle.h</string>
			<key>sourceTree</key>
			<string>&lt;group&gt;</string>
		</dict>
		<key>9D35CD6D18FFDC9E001228EC</key>
		<dict>
			<key>fileEncoding</key>
			<string>4</string>
			<key>isa</key>
			<string>PBXFileReference</string>
			<key>lastKnownFileType</key>
			<string>sourcecode.c.h</string>
			<key>path</key>
			<string>AJNInterfaceDescription.h</string>
			<key>sourceTree</key>
			<string>&lt;group&gt;</string>
		</dict>
		<key>9D35CD6E18FFDC9E001228EC</key>
		<dict>
			<key>fileEncoding</key>
			<string>4</string>
			<key>isa</key>
			<string>PBXFileReference</string>
			<key>lastKnownFileType</key>
			<string>sourcecode.cpp.objcpp</string>
			<key>path</key>
			<string>AJNInterfaceDescription.mm</string>
			<key>sourceTree</key>
			<string>&lt;group&gt;</string>
		</dict>
		<key>9D35CD6F18FFDC9E001228EC</key>
		<dict>
			<key>fileEncoding</key>
			<string>4</string>
			<key>isa</key>
			<string>PBXFileReference</string>
			<key>lastKnownFileType</key>
			<string>sourcecode.c.h</string>
			<key>path</key>
			<string>AJNInterfaceMember.h</string>
			<key>sourceTree</key>
			<string>&lt;group&gt;</string>
		</dict>
		<key>9D35CD7018FFDC9E001228EC</key>
		<dict>
			<key>fileEncoding</key>
			<string>4</string>
			<key>isa</key>
			<string>PBXFileReference</string>
			<key>lastKnownFileType</key>
			<string>sourcecode.cpp.objcpp</string>
			<key>path</key>
			<string>AJNInterfaceMember.mm</string>
			<key>sourceTree</key>
			<string>&lt;group&gt;</string>
		</dict>
		<key>9D35CD7118FFDC9E001228EC</key>
		<dict>
			<key>fileEncoding</key>
			<string>4</string>
			<key>isa</key>
			<string>PBXFileReference</string>
			<key>lastKnownFileType</key>
			<string>sourcecode.c.h</string>
			<key>path</key>
			<string>AJNInterfaceProperty.h</string>
			<key>sourceTree</key>
			<string>&lt;group&gt;</string>
		</dict>
		<key>9D35CD7218FFDC9E001228EC</key>
		<dict>
			<key>fileEncoding</key>
			<string>4</string>
			<key>isa</key>
			<string>PBXFileReference</string>
			<key>lastKnownFileType</key>
			<string>sourcecode.cpp.objcpp</string>
			<key>path</key>
			<string>AJNInterfaceProperty.mm</string>
			<key>sourceTree</key>
			<string>&lt;group&gt;</string>
		</dict>
		<key>9D35CD7318FFDC9E001228EC</key>
		<dict>
			<key>fileEncoding</key>
			<string>4</string>
			<key>isa</key>
			<string>PBXFileReference</string>
			<key>lastKnownFileType</key>
			<string>sourcecode.c.h</string>
			<key>path</key>
			<string>AJNKeyStoreListener.h</string>
			<key>sourceTree</key>
			<string>&lt;group&gt;</string>
		</dict>
		<key>9D35CD7418FFDC9E001228EC</key>
		<dict>
			<key>fileEncoding</key>
			<string>4</string>
			<key>isa</key>
			<string>PBXFileReference</string>
			<key>lastKnownFileType</key>
			<string>sourcecode.c.h</string>
			<key>path</key>
			<string>AJNKeyStoreListenerImpl.h</string>
			<key>sourceTree</key>
			<string>&lt;group&gt;</string>
		</dict>
		<key>9D35CD7518FFDC9E001228EC</key>
		<dict>
			<key>fileEncoding</key>
			<string>4</string>
			<key>isa</key>
			<string>PBXFileReference</string>
			<key>lastKnownFileType</key>
			<string>sourcecode.cpp.objcpp</string>
			<key>path</key>
			<string>AJNKeyStoreListenerImpl.mm</string>
			<key>sourceTree</key>
			<string>&lt;group&gt;</string>
		</dict>
		<key>9D35CD7618FFDC9E001228EC</key>
		<dict>
			<key>fileEncoding</key>
			<string>4</string>
			<key>isa</key>
			<string>PBXFileReference</string>
			<key>lastKnownFileType</key>
			<string>sourcecode.c.h</string>
			<key>path</key>
			<string>AJNMessage.h</string>
			<key>sourceTree</key>
			<string>&lt;group&gt;</string>
		</dict>
		<key>9D35CD7718FFDC9E001228EC</key>
		<dict>
			<key>fileEncoding</key>
			<string>4</string>
			<key>isa</key>
			<string>PBXFileReference</string>
			<key>lastKnownFileType</key>
			<string>sourcecode.cpp.objcpp</string>
			<key>path</key>
			<string>AJNMessage.mm</string>
			<key>sourceTree</key>
			<string>&lt;group&gt;</string>
		</dict>
		<key>9D35CD7818FFDC9E001228EC</key>
		<dict>
			<key>fileEncoding</key>
			<string>4</string>
			<key>isa</key>
			<string>PBXFileReference</string>
			<key>lastKnownFileType</key>
			<string>sourcecode.c.h</string>
			<key>path</key>
			<string>AJNMessageArgument.h</string>
			<key>sourceTree</key>
			<string>&lt;group&gt;</string>
		</dict>
		<key>9D35CD7918FFDC9E001228EC</key>
		<dict>
			<key>fileEncoding</key>
			<string>4</string>
			<key>isa</key>
			<string>PBXFileReference</string>
			<key>lastKnownFileType</key>
			<string>sourcecode.cpp.objcpp</string>
			<key>path</key>
			<string>AJNMessageArgument.mm</string>
			<key>sourceTree</key>
			<string>&lt;group&gt;</string>
		</dict>
		<key>9D35CD7A18FFDC9E001228EC</key>
		<dict>
			<key>fileEncoding</key>
			<string>4</string>
			<key>isa</key>
			<string>PBXFileReference</string>
			<key>lastKnownFileType</key>
			<string>sourcecode.c.h</string>
			<key>path</key>
			<string>AJNMessageHeaderFields.h</string>
			<key>sourceTree</key>
			<string>&lt;group&gt;</string>
		</dict>
		<key>9D35CD7B18FFDC9E001228EC</key>
		<dict>
			<key>fileEncoding</key>
			<string>4</string>
			<key>isa</key>
			<string>PBXFileReference</string>
			<key>lastKnownFileType</key>
			<string>sourcecode.cpp.objcpp</string>
			<key>path</key>
			<string>AJNMessageHeaderFields.mm</string>
			<key>sourceTree</key>
			<string>&lt;group&gt;</string>
		</dict>
		<key>9D35CD7C18FFDC9E001228EC</key>
		<dict>
			<key>fileEncoding</key>
			<string>4</string>
			<key>isa</key>
			<string>PBXFileReference</string>
			<key>lastKnownFileType</key>
			<string>sourcecode.c.h</string>
			<key>path</key>
			<string>AJNObject.h</string>
			<key>sourceTree</key>
			<string>&lt;group&gt;</string>
		</dict>
		<key>9D35CD7D18FFDC9E001228EC</key>
		<dict>
			<key>fileEncoding</key>
			<string>4</string>
			<key>isa</key>
			<string>PBXFileReference</string>
			<key>lastKnownFileType</key>
			<string>sourcecode.c.objc</string>
			<key>path</key>
			<string>AJNObject.m</string>
			<key>sourceTree</key>
			<string>&lt;group&gt;</string>
		</dict>
		<key>9D35CD7E18FFDC9E001228EC</key>
		<dict>
			<key>fileEncoding</key>
			<string>4</string>
			<key>isa</key>
			<string>PBXFileReference</string>
			<key>lastKnownFileType</key>
			<string>sourcecode.c.h</string>
			<key>path</key>
			<string>AJNPasswordManager.h</string>
			<key>sourceTree</key>
			<string>&lt;group&gt;</string>
		</dict>
		<key>9D35CD7F18FFDC9E001228EC</key>
		<dict>
			<key>fileEncoding</key>
			<string>4</string>
			<key>isa</key>
			<string>PBXFileReference</string>
			<key>lastKnownFileType</key>
			<string>sourcecode.cpp.objcpp</string>
			<key>path</key>
			<string>AJNPasswordManager.mm</string>
			<key>sourceTree</key>
			<string>&lt;group&gt;</string>
		</dict>
		<key>9D35CD8018FFDC9E001228EC</key>
		<dict>
			<key>fileEncoding</key>
			<string>4</string>
			<key>isa</key>
			<string>PBXFileReference</string>
			<key>lastKnownFileType</key>
			<string>sourcecode.c.h</string>
			<key>path</key>
			<string>AJNProxyBusObject.h</string>
			<key>sourceTree</key>
			<string>&lt;group&gt;</string>
		</dict>
		<key>9D35CD8118FFDC9E001228EC</key>
		<dict>
			<key>fileEncoding</key>
			<string>4</string>
			<key>isa</key>
			<string>PBXFileReference</string>
			<key>lastKnownFileType</key>
			<string>sourcecode.cpp.objcpp</string>
			<key>path</key>
			<string>AJNProxyBusObject.mm</string>
			<key>sourceTree</key>
			<string>&lt;group&gt;</string>
		</dict>
		<key>9D35CD8218FFDC9E001228EC</key>
		<dict>
			<key>fileEncoding</key>
			<string>4</string>
			<key>isa</key>
			<string>PBXFileReference</string>
			<key>lastKnownFileType</key>
			<string>sourcecode.c.h</string>
			<key>path</key>
			<string>AJNSecurityCredentials.h</string>
			<key>sourceTree</key>
			<string>&lt;group&gt;</string>
		</dict>
		<key>9D35CD8318FFDC9E001228EC</key>
		<dict>
			<key>fileEncoding</key>
			<string>4</string>
			<key>isa</key>
			<string>PBXFileReference</string>
			<key>lastKnownFileType</key>
			<string>sourcecode.cpp.objcpp</string>
			<key>path</key>
			<string>AJNSecurityCredentials.mm</string>
			<key>sourceTree</key>
			<string>&lt;group&gt;</string>
		</dict>
		<key>9D35CD8418FFDC9E001228EC</key>
		<dict>
			<key>fileEncoding</key>
			<string>4</string>
			<key>isa</key>
			<string>PBXFileReference</string>
			<key>lastKnownFileType</key>
			<string>sourcecode.c.h</string>
			<key>path</key>
			<string>AJNServiceController.h</string>
			<key>sourceTree</key>
			<string>&lt;group&gt;</string>
		</dict>
		<key>9D35CD8518FFDC9E001228EC</key>
		<dict>
			<key>fileEncoding</key>
			<string>4</string>
			<key>isa</key>
			<string>PBXFileReference</string>
			<key>lastKnownFileType</key>
			<string>sourcecode.c.objc</string>
			<key>path</key>
			<string>AJNServiceController.m</string>
			<key>sourceTree</key>
			<string>&lt;group&gt;</string>
		</dict>
		<key>9D35CD8618FFDC9E001228EC</key>
		<dict>
			<key>fileEncoding</key>
			<string>4</string>
			<key>isa</key>
			<string>PBXFileReference</string>
			<key>lastKnownFileType</key>
			<string>sourcecode.c.h</string>
			<key>path</key>
			<string>AJNSessionListener.h</string>
			<key>sourceTree</key>
			<string>&lt;group&gt;</string>
		</dict>
		<key>9D35CD8718FFDC9E001228EC</key>
		<dict>
			<key>fileEncoding</key>
			<string>4</string>
			<key>isa</key>
			<string>PBXFileReference</string>
			<key>lastKnownFileType</key>
			<string>sourcecode.c.h</string>
			<key>path</key>
			<string>AJNSessionListenerImpl.h</string>
			<key>sourceTree</key>
			<string>&lt;group&gt;</string>
		</dict>
		<key>9D35CD8818FFDC9E001228EC</key>
		<dict>
			<key>fileEncoding</key>
			<string>4</string>
			<key>isa</key>
			<string>PBXFileReference</string>
			<key>lastKnownFileType</key>
			<string>sourcecode.cpp.objcpp</string>
			<key>path</key>
			<string>AJNSessionListenerImpl.mm</string>
			<key>sourceTree</key>
			<string>&lt;group&gt;</string>
		</dict>
		<key>9D35CD8918FFDC9E001228EC</key>
		<dict>
			<key>fileEncoding</key>
			<string>4</string>
			<key>isa</key>
			<string>PBXFileReference</string>
			<key>lastKnownFileType</key>
			<string>sourcecode.c.h</string>
			<key>path</key>
			<string>AJNSessionOptions.h</string>
			<key>sourceTree</key>
			<string>&lt;group&gt;</string>
		</dict>
		<key>9D35CD8A18FFDC9E001228EC</key>
		<dict>
			<key>fileEncoding</key>
			<string>4</string>
			<key>isa</key>
			<string>PBXFileReference</string>
			<key>lastKnownFileType</key>
			<string>sourcecode.cpp.objcpp</string>
			<key>path</key>
			<string>AJNSessionOptions.mm</string>
			<key>sourceTree</key>
			<string>&lt;group&gt;</string>
		</dict>
		<key>9D35CD8B18FFDC9E001228EC</key>
		<dict>
			<key>fileEncoding</key>
			<string>4</string>
			<key>isa</key>
			<string>PBXFileReference</string>
			<key>lastKnownFileType</key>
			<string>sourcecode.c.h</string>
			<key>path</key>
			<string>AJNSessionPortListener.h</string>
			<key>sourceTree</key>
			<string>&lt;group&gt;</string>
		</dict>
		<key>9D35CD8C18FFDC9E001228EC</key>
		<dict>
			<key>fileEncoding</key>
			<string>4</string>
			<key>isa</key>
			<string>PBXFileReference</string>
			<key>lastKnownFileType</key>
			<string>sourcecode.c.h</string>
			<key>path</key>
			<string>AJNSessionPortListenerImpl.h</string>
			<key>sourceTree</key>
			<string>&lt;group&gt;</string>
		</dict>
		<key>9D35CD8D18FFDC9E001228EC</key>
		<dict>
			<key>fileEncoding</key>
			<string>4</string>
			<key>isa</key>
			<string>PBXFileReference</string>
			<key>lastKnownFileType</key>
			<string>sourcecode.cpp.objcpp</string>
			<key>path</key>
			<string>AJNSessionPortListenerImpl.mm</string>
			<key>sourceTree</key>
			<string>&lt;group&gt;</string>
		</dict>
		<key>9D35CD8E18FFDC9E001228EC</key>
		<dict>
			<key>fileEncoding</key>
			<string>4</string>
			<key>isa</key>
			<string>PBXFileReference</string>
			<key>lastKnownFileType</key>
			<string>sourcecode.c.h</string>
			<key>path</key>
			<string>AJNSignalHandler.h</string>
			<key>sourceTree</key>
			<string>&lt;group&gt;</string>
		</dict>
		<key>9D35CD8F18FFDC9E001228EC</key>
		<dict>
			<key>fileEncoding</key>
			<string>4</string>
			<key>isa</key>
			<string>PBXFileReference</string>
			<key>lastKnownFileType</key>
			<string>sourcecode.c.h</string>
			<key>path</key>
			<string>AJNSignalHandlerImpl.h</string>
			<key>sourceTree</key>
			<string>&lt;group&gt;</string>
		</dict>
		<key>9D35CD9018FFDC9E001228EC</key>
		<dict>
			<key>fileEncoding</key>
			<string>4</string>
			<key>isa</key>
			<string>PBXFileReference</string>
			<key>lastKnownFileType</key>
			<string>sourcecode.cpp.objcpp</string>
			<key>path</key>
			<string>AJNSignalHandlerImpl.mm</string>
			<key>sourceTree</key>
			<string>&lt;group&gt;</string>
		</dict>
		<key>9D35CD9118FFDC9E001228EC</key>
		<dict>
			<key>fileEncoding</key>
			<string>4</string>
			<key>isa</key>
			<string>PBXFileReference</string>
			<key>lastKnownFileType</key>
			<string>sourcecode.c.h</string>
			<key>path</key>
			<string>AJNStatus.h</string>
			<key>sourceTree</key>
			<string>&lt;group&gt;</string>
		</dict>
		<key>9D35CD9218FFDC9E001228EC</key>
		<dict>
			<key>fileEncoding</key>
			<string>4</string>
			<key>isa</key>
			<string>PBXFileReference</string>
			<key>lastKnownFileType</key>
			<string>sourcecode.c.objc</string>
			<key>path</key>
			<string>AJNStatus.m</string>
			<key>sourceTree</key>
			<string>&lt;group&gt;</string>
		</dict>
		<key>9D35CD9318FFDC9E001228EC</key>
		<dict>
			<key>fileEncoding</key>
			<string>4</string>
			<key>isa</key>
			<string>PBXFileReference</string>
			<key>lastKnownFileType</key>
			<string>sourcecode.c.h</string>
			<key>path</key>
			<string>AJNTransportMask.h</string>
			<key>sourceTree</key>
			<string>&lt;group&gt;</string>
		</dict>
		<key>9D35CD9418FFDC9E001228EC</key>
		<dict>
			<key>fileEncoding</key>
			<string>4</string>
			<key>isa</key>
			<string>PBXFileReference</string>
			<key>lastKnownFileType</key>
			<string>sourcecode.c.objc</string>
			<key>path</key>
			<string>AJNTransportMask.m</string>
			<key>sourceTree</key>
			<string>&lt;group&gt;</string>
		</dict>
		<key>9D35CD9518FFDC9E001228EC</key>
		<dict>
			<key>fileEncoding</key>
			<string>4</string>
			<key>isa</key>
			<string>PBXFileReference</string>
			<key>lastKnownFileType</key>
			<string>sourcecode.c.h</string>
			<key>path</key>
			<string>AJNType.h</string>
			<key>sourceTree</key>
			<string>&lt;group&gt;</string>
		</dict>
		<key>9D35CD9618FFDC9E001228EC</key>
		<dict>
			<key>fileEncoding</key>
			<string>4</string>
			<key>isa</key>
			<string>PBXFileReference</string>
			<key>lastKnownFileType</key>
			<string>sourcecode.c.h</string>
			<key>path</key>
			<string>AJNVersion.h</string>
			<key>sourceTree</key>
			<string>&lt;group&gt;</string>
		</dict>
		<key>9D35CD9718FFDC9E001228EC</key>
		<dict>
			<key>fileEncoding</key>
			<string>4</string>
			<key>isa</key>
			<string>PBXFileReference</string>
			<key>lastKnownFileType</key>
			<string>sourcecode.cpp.objcpp</string>
			<key>path</key>
			<string>AJNVersion.mm</string>
			<key>sourceTree</key>
			<string>&lt;group&gt;</string>
		</dict>
		<key>9D35CD9818FFDC9E001228EC</key>
		<dict>
			<key>fileRef</key>
			<string>9D35CD5C18FFDC9E001228EC</string>
			<key>isa</key>
			<string>PBXBuildFile</string>
		</dict>
		<key>9D35CD9918FFDC9E001228EC</key>
		<dict>
			<key>fileRef</key>
			<string>9D35CD5E18FFDC9E001228EC</string>
			<key>isa</key>
			<string>PBXBuildFile</string>
		</dict>
		<key>9D35CD9A18FFDC9E001228EC</key>
		<dict>
			<key>fileRef</key>
			<string>9D35CD6018FFDC9E001228EC</string>
			<key>isa</key>
			<string>PBXBuildFile</string>
		</dict>
		<key>9D35CD9B18FFDC9E001228EC</key>
		<dict>
			<key>fileRef</key>
			<string>9D35CD6518FFDC9E001228EC</string>
			<key>isa</key>
			<string>PBXBuildFile</string>
		</dict>
		<key>9D35CD9C18FFDC9E001228EC</key>
		<dict>
			<key>fileRef</key>
			<string>9D35CD6718FFDC9E001228EC</string>
			<key>isa</key>
			<string>PBXBuildFile</string>
		</dict>
		<key>9D35CD9D18FFDC9E001228EC</key>
		<dict>
			<key>fileRef</key>
			<string>9D35CD6918FFDC9E001228EC</string>
			<key>isa</key>
			<string>PBXBuildFile</string>
		</dict>
		<key>9D35CD9E18FFDC9E001228EC</key>
		<dict>
			<key>fileRef</key>
			<string>9D35CD6B18FFDC9E001228EC</string>
			<key>isa</key>
			<string>PBXBuildFile</string>
		</dict>
		<key>9D35CD9F18FFDC9E001228EC</key>
		<dict>
			<key>fileRef</key>
			<string>9D35CD6E18FFDC9E001228EC</string>
			<key>isa</key>
			<string>PBXBuildFile</string>
		</dict>
		<key>9D35CDA018FFDC9E001228EC</key>
		<dict>
			<key>fileRef</key>
			<string>9D35CD7018FFDC9E001228EC</string>
			<key>isa</key>
			<string>PBXBuildFile</string>
		</dict>
		<key>9D35CDA118FFDC9E001228EC</key>
		<dict>
			<key>fileRef</key>
			<string>9D35CD7218FFDC9E001228EC</string>
			<key>isa</key>
			<string>PBXBuildFile</string>
		</dict>
		<key>9D35CDA218FFDC9E001228EC</key>
		<dict>
			<key>fileRef</key>
			<string>9D35CD7518FFDC9E001228EC</string>
			<key>isa</key>
			<string>PBXBuildFile</string>
		</dict>
		<key>9D35CDA318FFDC9E001228EC</key>
		<dict>
			<key>fileRef</key>
			<string>9D35CD7718FFDC9E001228EC</string>
			<key>isa</key>
			<string>PBXBuildFile</string>
		</dict>
		<key>9D35CDA418FFDC9E001228EC</key>
		<dict>
			<key>fileRef</key>
			<string>9D35CD7918FFDC9E001228EC</string>
			<key>isa</key>
			<string>PBXBuildFile</string>
		</dict>
		<key>9D35CDA518FFDC9E001228EC</key>
		<dict>
			<key>fileRef</key>
			<string>9D35CD7B18FFDC9E001228EC</string>
			<key>isa</key>
			<string>PBXBuildFile</string>
		</dict>
		<key>9D35CDA618FFDC9E001228EC</key>
		<dict>
			<key>fileRef</key>
			<string>9D35CD7D18FFDC9E001228EC</string>
			<key>isa</key>
			<string>PBXBuildFile</string>
		</dict>
		<key>9D35CDA718FFDC9E001228EC</key>
		<dict>
			<key>fileRef</key>
			<string>9D35CD7F18FFDC9E001228EC</string>
			<key>isa</key>
			<string>PBXBuildFile</string>
		</dict>
		<key>9D35CDA818FFDC9E001228EC</key>
		<dict>
			<key>fileRef</key>
			<string>9D35CD8118FFDC9E001228EC</string>
			<key>isa</key>
			<string>PBXBuildFile</string>
		</dict>
		<key>9D35CDA918FFDC9E001228EC</key>
		<dict>
			<key>fileRef</key>
			<string>9D35CD8318FFDC9E001228EC</string>
			<key>isa</key>
			<string>PBXBuildFile</string>
		</dict>
		<key>9D35CDAA18FFDC9E001228EC</key>
		<dict>
			<key>fileRef</key>
			<string>9D35CD8518FFDC9E001228EC</string>
			<key>isa</key>
			<string>PBXBuildFile</string>
		</dict>
		<key>9D35CDAB18FFDC9E001228EC</key>
		<dict>
			<key>fileRef</key>
			<string>9D35CD8818FFDC9E001228EC</string>
			<key>isa</key>
			<string>PBXBuildFile</string>
		</dict>
		<key>9D35CDAC18FFDC9E001228EC</key>
		<dict>
			<key>fileRef</key>
			<string>9D35CD8A18FFDC9E001228EC</string>
			<key>isa</key>
			<string>PBXBuildFile</string>
		</dict>
		<key>9D35CDAD18FFDC9E001228EC</key>
		<dict>
			<key>fileRef</key>
			<string>9D35CD8D18FFDC9E001228EC</string>
			<key>isa</key>
			<string>PBXBuildFile</string>
		</dict>
		<key>9D35CDAE18FFDC9E001228EC</key>
		<dict>
			<key>fileRef</key>
			<string>9D35CD9018FFDC9E001228EC</string>
			<key>isa</key>
			<string>PBXBuildFile</string>
		</dict>
		<key>9D35CDAF18FFDC9E001228EC</key>
		<dict>
			<key>fileRef</key>
			<string>9D35CD9218FFDC9E001228EC</string>
			<key>isa</key>
			<string>PBXBuildFile</string>
		</dict>
		<key>9D35CDB018FFDC9E001228EC</key>
		<dict>
			<key>fileRef</key>
			<string>9D35CD9418FFDC9E001228EC</string>
			<key>isa</key>
			<string>PBXBuildFile</string>
		</dict>
		<key>9D35CDB118FFDC9E001228EC</key>
		<dict>
			<key>fileRef</key>
			<string>9D35CD9718FFDC9E001228EC</string>
			<key>isa</key>
			<string>PBXBuildFile</string>
		</dict>
		<key>9D35CDB218FFE184001228EC</key>
		<dict>
			<key>isa</key>
			<string>PBXFileReference</string>
			<key>lastKnownFileType</key>
			<string>compiled.mach-o.dylib</string>
			<key>name</key>
			<string>libstdc++.6.0.9.dylib</string>
			<key>path</key>
			<string>usr/lib/libstdc++.6.0.9.dylib</string>
			<key>sourceTree</key>
			<string>SDKROOT</string>
		</dict>
		<key>9D35CDB318FFE184001228EC</key>
		<dict>
			<key>fileRef</key>
			<string>9D35CDB218FFE184001228EC</string>
			<key>isa</key>
			<string>PBXBuildFile</string>
		</dict>
		<key>9D7A2CB018F8124300E880D7</key>
		<dict>
			<key>children</key>
			<array>
				<string>9D7A2CC418F8124300E880D7</string>
				<string>9D7A2CE118F8124400E880D7</string>
				<string>9D7A2CBB18F8124300E880D7</string>
				<string>9D7A2CBA18F8124300E880D7</string>
				<string>2B8FD4A4FEFB470F9C0B32E1</string>
			</array>
			<key>isa</key>
			<string>PBXGroup</string>
			<key>sourceTree</key>
			<string>&lt;group&gt;</string>
		</dict>
		<key>9D7A2CB118F8124300E880D7</key>
		<dict>
			<key>attributes</key>
			<dict>
				<key>LastUpgradeCheck</key>
				<string>0510</string>
				<key>ORGANIZATIONNAME</key>
				<string>Sweet Pixel Studios</string>
				<key>TargetAttributes</key>
				<dict>
					<key>9D7A2CB818F8124300E880D7</key>
					<dict>
						<key>DevelopmentTeam</key>
						<string>M7FD65CYM8</string>
					</dict>
					<key>9D7A2CD818F8124400E880D7</key>
					<dict>
						<key>TestTargetID</key>
						<string>9D7A2CB818F8124300E880D7</string>
					</dict>
				</dict>
			</dict>
			<key>buildConfigurationList</key>
			<string>9D7A2CB418F8124300E880D7</string>
			<key>compatibilityVersion</key>
			<string>Xcode 3.2</string>
			<key>developmentRegion</key>
			<string>English</string>
			<key>hasScannedForEncodings</key>
			<string>0</string>
			<key>isa</key>
			<string>PBXProject</string>
			<key>knownRegions</key>
			<array>
				<string>en</string>
			</array>
			<key>mainGroup</key>
			<string>9D7A2CB018F8124300E880D7</string>
			<key>productRefGroup</key>
			<string>9D7A2CBA18F8124300E880D7</string>
			<key>projectDirPath</key>
			<string></string>
			<key>projectReferences</key>
			<array/>
			<key>projectRoot</key>
			<string></string>
			<key>targets</key>
			<array>
				<string>9D7A2CB818F8124300E880D7</string>
				<string>9D7A2CD818F8124400E880D7</string>
				<string>9D7A2CF318F8614E00E880D7</string>
			</array>
		</dict>
		<key>9D7A2CB418F8124300E880D7</key>
		<dict>
			<key>buildConfigurations</key>
			<array>
				<string>9D7A2CE918F8124400E880D7</string>
				<string>9D7A2CEA18F8124400E880D7</string>
			</array>
			<key>defaultConfigurationIsVisible</key>
			<string>0</string>
			<key>defaultConfigurationName</key>
			<string>Release</string>
			<key>isa</key>
			<string>XCConfigurationList</string>
		</dict>
		<key>9D7A2CB518F8124300E880D7</key>
		<dict>
			<key>buildActionMask</key>
			<string>2147483647</string>
			<key>files</key>
			<array>
				<string>9DDE0F4718F887C600BAE073</string>
				<string>9D35CDAC18FFDC9E001228EC</string>
				<string>9D35CDB118FFDC9E001228EC</string>
				<string>9D35CD9C18FFDC9E001228EC</string>
				<string>9D7A2CCF18F8124300E880D7</string>
				<string>9D35CD9D18FFDC9E001228EC</string>
				<string>9D35CD9E18FFDC9E001228EC</string>
				<string>9D35CDA118FFDC9E001228EC</string>
				<string>9D35CDA718FFDC9E001228EC</string>
				<string>9D35CDAA18FFDC9E001228EC</string>
				<string>9D35CDA418FFDC9E001228EC</string>
				<string>9D35CDA518FFDC9E001228EC</string>
				<string>9D35CDAB18FFDC9E001228EC</string>
				<string>9D35CDA018FFDC9E001228EC</string>
				<string>9D35CD9918FFDC9E001228EC</string>
				<string>9D35CDA618FFDC9E001228EC</string>
				<string>9D7A2CD218F8124300E880D7</string>
				<string>9D35CDA218FFDC9E001228EC</string>
				<string>9D35CDA318FFDC9E001228EC</string>
				<string>9D35CD9F18FFDC9E001228EC</string>
				<string>9DDE0F4818F887C600BAE073</string>
				<string>9D35CDAF18FFDC9E001228EC</string>
				<string>9D35CDB018FFDC9E001228EC</string>
				<string>9D35CDAD18FFDC9E001228EC</string>
				<string>9D35CD9B18FFDC9E001228EC</string>
				<string>9D35CDA918FFDC9E001228EC</string>
				<string>9D35CD9818FFDC9E001228EC</string>
				<string>9D7A2CCB18F8124300E880D7</string>
				<string>9D35CDA818FFDC9E001228EC</string>
				<string>9D35CDAE18FFDC9E001228EC</string>
				<string>9D35CD9A18FFDC9E001228EC</string>
			</array>
			<key>isa</key>
			<string>PBXSourcesBuildPhase</string>
			<key>runOnlyForDeploymentPostprocessing</key>
			<string>0</string>
		</dict>
		<key>9D7A2CB618F8124300E880D7</key>
		<dict>
			<key>buildActionMask</key>
			<string>2147483647</string>
			<key>files</key>
			<array>
				<string>9D35CDB318FFE184001228EC</string>
				<string>9DDE0F4C18F88EE300BAE073</string>
				<string>9DDE0F4A18F88ED500BAE073</string>
				<string>9D7A2CBF18F8124300E880D7</string>
				<string>9D7A2CC318F8124300E880D7</string>
				<string>9D7A2CC118F8124300E880D7</string>
				<string>9D7A2CBD18F8124300E880D7</string>
				<string>C69C20A46207473CAE95CB83</string>
			</array>
			<key>isa</key>
			<string>PBXFrameworksBuildPhase</string>
			<key>runOnlyForDeploymentPostprocessing</key>
			<string>0</string>
		</dict>
		<key>9D7A2CB718F8124300E880D7</key>
		<dict>
			<key>buildActionMask</key>
			<string>2147483647</string>
			<key>files</key>
			<array>
				<string>9D7A2CC918F8124300E880D7</string>
				<string>9D7A2CD418F8124400E880D7</string>
				<string>9D7A2CF218F812F100E880D7</string>
			</array>
			<key>isa</key>
			<string>PBXResourcesBuildPhase</string>
			<key>runOnlyForDeploymentPostprocessing</key>
			<string>0</string>
		</dict>
		<key>9D7A2CB818F8124300E880D7</key>
		<dict>
			<key>buildConfigurationList</key>
			<string>9D7A2CEB18F8124400E880D7</string>
			<key>buildPhases</key>
			<array>
				<string>C804BFD7F6894942B60C45F3</string>
				<string>9D7A2CB518F8124300E880D7</string>
				<string>9D7A2CB618F8124300E880D7</string>
				<string>9D7A2CB718F8124300E880D7</string>
				<string>A2C8FADDAF82426B8CAC4A9B</string>
			</array>
			<key>buildRules</key>
			<array/>
			<key>dependencies</key>
			<array/>
			<key>isa</key>
			<string>PBXNativeTarget</string>
			<key>name</key>
			<string>Locatamator-Alljoyn</string>
			<key>productName</key>
			<string>Locatamator-Alljoyn</string>
			<key>productReference</key>
			<string>9D7A2CB918F8124300E880D7</string>
			<key>productType</key>
			<string>com.apple.product-type.application</string>
		</dict>
		<key>9D7A2CB918F8124300E880D7</key>
		<dict>
			<key>explicitFileType</key>
			<string>wrapper.application</string>
			<key>includeInIndex</key>
			<string>0</string>
			<key>isa</key>
			<string>PBXFileReference</string>
			<key>path</key>
			<string>Locatamator-Alljoyn.app</string>
			<key>sourceTree</key>
			<string>BUILT_PRODUCTS_DIR</string>
		</dict>
		<key>9D7A2CBA18F8124300E880D7</key>
		<dict>
			<key>children</key>
			<array>
				<string>9D7A2CB918F8124300E880D7</string>
				<string>9D7A2CD918F8124400E880D7</string>
			</array>
			<key>isa</key>
			<string>PBXGroup</string>
			<key>name</key>
			<string>Products</string>
			<key>sourceTree</key>
			<string>&lt;group&gt;</string>
		</dict>
		<key>9D7A2CBB18F8124300E880D7</key>
		<dict>
			<key>children</key>
			<array>
				<string>9D35CDB218FFE184001228EC</string>
				<string>9DDE0F4B18F88EE300BAE073</string>
				<string>9DDE0F4918F88ED500BAE073</string>
				<string>9D7A2CBC18F8124300E880D7</string>
				<string>9D7A2CBE18F8124300E880D7</string>
				<string>9D7A2CC018F8124300E880D7</string>
				<string>9D7A2CC218F8124300E880D7</string>
				<string>9D7A2CDA18F8124400E880D7</string>
				<string>5757BC44128B432E890515DD</string>
			</array>
			<key>isa</key>
			<string>PBXGroup</string>
			<key>name</key>
			<string>Frameworks</string>
			<key>sourceTree</key>
			<string>&lt;group&gt;</string>
		</dict>
		<key>9D7A2CBC18F8124300E880D7</key>
		<dict>
			<key>isa</key>
			<string>PBXFileReference</string>
			<key>lastKnownFileType</key>
			<string>wrapper.framework</string>
			<key>name</key>
			<string>Foundation.framework</string>
			<key>path</key>
			<string>System/Library/Frameworks/Foundation.framework</string>
			<key>sourceTree</key>
			<string>SDKROOT</string>
		</dict>
		<key>9D7A2CBD18F8124300E880D7</key>
		<dict>
			<key>fileRef</key>
			<string>9D7A2CBC18F8124300E880D7</string>
			<key>isa</key>
			<string>PBXBuildFile</string>
		</dict>
		<key>9D7A2CBE18F8124300E880D7</key>
		<dict>
			<key>isa</key>
			<string>PBXFileReference</string>
			<key>lastKnownFileType</key>
			<string>wrapper.framework</string>
			<key>name</key>
			<string>CoreGraphics.framework</string>
			<key>path</key>
			<string>System/Library/Frameworks/CoreGraphics.framework</string>
			<key>sourceTree</key>
			<string>SDKROOT</string>
		</dict>
		<key>9D7A2CBF18F8124300E880D7</key>
		<dict>
			<key>fileRef</key>
			<string>9D7A2CBE18F8124300E880D7</string>
			<key>isa</key>
			<string>PBXBuildFile</string>
		</dict>
		<key>9D7A2CC018F8124300E880D7</key>
		<dict>
			<key>isa</key>
			<string>PBXFileReference</string>
			<key>lastKnownFileType</key>
			<string>wrapper.framework</string>
			<key>name</key>
			<string>UIKit.framework</string>
			<key>path</key>
			<string>System/Library/Frameworks/UIKit.framework</string>
			<key>sourceTree</key>
			<string>SDKROOT</string>
		</dict>
		<key>9D7A2CC118F8124300E880D7</key>
		<dict>
			<key>fileRef</key>
			<string>9D7A2CC018F8124300E880D7</string>
			<key>isa</key>
			<string>PBXBuildFile</string>
		</dict>
		<key>9D7A2CC218F8124300E880D7</key>
		<dict>
			<key>isa</key>
			<string>PBXFileReference</string>
			<key>lastKnownFileType</key>
			<string>wrapper.framework</string>
			<key>name</key>
			<string>CoreData.framework</string>
			<key>path</key>
			<string>System/Library/Frameworks/CoreData.framework</string>
			<key>sourceTree</key>
			<string>SDKROOT</string>
		</dict>
		<key>9D7A2CC318F8124300E880D7</key>
		<dict>
			<key>fileRef</key>
			<string>9D7A2CC218F8124300E880D7</string>
			<key>isa</key>
			<string>PBXBuildFile</string>
		</dict>
		<key>9D7A2CC418F8124300E880D7</key>
		<dict>
			<key>children</key>
			<array>
				<string>9D35CD5918FFDC9E001228EC</string>
				<string>9DDE0F4318F887C600BAE073</string>
				<string>9DDE0F4418F887C600BAE073</string>
				<string>9DDE0F4518F887C600BAE073</string>
				<string>9DDE0F4618F887C600BAE073</string>
				<string>9D7A2CCD18F8124300E880D7</string>
				<string>9D7A2CCE18F8124300E880D7</string>
				<string>9D7A2CD318F8124400E880D7</string>
				<string>9D7A2CD018F8124300E880D7</string>
				<string>9D7A2CC518F8124300E880D7</string>
				<string>9D7A2CF118F812F100E880D7</string>
			</array>
			<key>isa</key>
			<string>PBXGroup</string>
			<key>path</key>
			<string>Locatamator-Alljoyn</string>
			<key>sourceTree</key>
			<string>&lt;group&gt;</string>
		</dict>
		<key>9D7A2CC518F8124300E880D7</key>
		<dict>
			<key>children</key>
			<array>
				<string>9D7A2CC618F8124300E880D7</string>
				<string>9D7A2CC718F8124300E880D7</string>
				<string>9D7A2CCA18F8124300E880D7</string>
				<string>9D7A2CCC18F8124300E880D7</string>
			</array>
			<key>isa</key>
			<string>PBXGroup</string>
			<key>name</key>
			<string>Supporting Files</string>
			<key>sourceTree</key>
			<string>&lt;group&gt;</string>
		</dict>
		<key>9D7A2CC618F8124300E880D7</key>
		<dict>
			<key>isa</key>
			<string>PBXFileReference</string>
			<key>lastKnownFileType</key>
			<string>text.plist.xml</string>
			<key>path</key>
			<string>Locatamator-Alljoyn-Info.plist</string>
			<key>sourceTree</key>
			<string>&lt;group&gt;</string>
		</dict>
		<key>9D7A2CC718F8124300E880D7</key>
		<dict>
			<key>children</key>
			<array>
				<string>9D7A2CC818F8124300E880D7</string>
			</array>
			<key>isa</key>
			<string>PBXVariantGroup</string>
			<key>name</key>
			<string>InfoPlist.strings</string>
			<key>sourceTree</key>
			<string>&lt;group&gt;</string>
		</dict>
		<key>9D7A2CC818F8124300E880D7</key>
		<dict>
			<key>isa</key>
			<string>PBXFileReference</string>
			<key>lastKnownFileType</key>
			<string>text.plist.strings</string>
			<key>name</key>
			<string>en</string>
			<key>path</key>
			<string>en.lproj/InfoPlist.strings</string>
			<key>sourceTree</key>
			<string>&lt;group&gt;</string>
		</dict>
		<key>9D7A2CC918F8124300E880D7</key>
		<dict>
			<key>fileRef</key>
			<string>9D7A2CC718F8124300E880D7</string>
			<key>isa</key>
			<string>PBXBuildFile</string>
		</dict>
		<key>9D7A2CCA18F8124300E880D7</key>
		<dict>
			<key>isa</key>
			<string>PBXFileReference</string>
			<key>lastKnownFileType</key>
			<string>sourcecode.c.objc</string>
			<key>path</key>
			<string>main.m</string>
			<key>sourceTree</key>
			<string>&lt;group&gt;</string>
		</dict>
		<key>9D7A2CCB18F8124300E880D7</key>
		<dict>
			<key>fileRef</key>
			<string>9D7A2CCA18F8124300E880D7</string>
			<key>isa</key>
			<string>PBXBuildFile</string>
		</dict>
		<key>9D7A2CCC18F8124300E880D7</key>
		<dict>
			<key>isa</key>
			<string>PBXFileReference</string>
			<key>lastKnownFileType</key>
			<string>sourcecode.c.h</string>
			<key>path</key>
			<string>Locatamator-Alljoyn-Prefix.pch</string>
			<key>sourceTree</key>
			<string>&lt;group&gt;</string>
		</dict>
		<key>9D7A2CCD18F8124300E880D7</key>
		<dict>
			<key>isa</key>
			<string>PBXFileReference</string>
			<key>lastKnownFileType</key>
			<string>sourcecode.c.h</string>
			<key>path</key>
			<string>AppDelegate.h</string>
			<key>sourceTree</key>
			<string>&lt;group&gt;</string>
		</dict>
		<key>9D7A2CCE18F8124300E880D7</key>
		<dict>
			<key>isa</key>
			<string>PBXFileReference</string>
			<key>lastKnownFileType</key>
			<string>sourcecode.c.objc</string>
			<key>path</key>
			<string>AppDelegate.m</string>
			<key>sourceTree</key>
			<string>&lt;group&gt;</string>
		</dict>
		<key>9D7A2CCF18F8124300E880D7</key>
		<dict>
			<key>fileRef</key>
			<string>9D7A2CCE18F8124300E880D7</string>
			<key>isa</key>
			<string>PBXBuildFile</string>
		</dict>
		<key>9D7A2CD018F8124300E880D7</key>
		<dict>
			<key>children</key>
			<array>
				<string>9D7A2CD118F8124300E880D7</string>
			</array>
			<key>currentVersion</key>
			<string>9D7A2CD118F8124300E880D7</string>
			<key>isa</key>
			<string>XCVersionGroup</string>
			<key>path</key>
			<string>Locatamator_Alljoyn.xcdatamodeld</string>
			<key>sourceTree</key>
			<string>&lt;group&gt;</string>
			<key>versionGroupType</key>
			<string>wrapper.xcdatamodel</string>
		</dict>
		<key>9D7A2CD118F8124300E880D7</key>
		<dict>
			<key>isa</key>
			<string>PBXFileReference</string>
			<key>lastKnownFileType</key>
			<string>wrapper.xcdatamodel</string>
			<key>path</key>
			<string>Locatamator_Alljoyn.xcdatamodel</string>
			<key>sourceTree</key>
			<string>&lt;group&gt;</string>
		</dict>
		<key>9D7A2CD218F8124300E880D7</key>
		<dict>
			<key>fileRef</key>
			<string>9D7A2CD018F8124300E880D7</string>
			<key>isa</key>
			<string>PBXBuildFile</string>
		</dict>
		<key>9D7A2CD318F8124400E880D7</key>
		<dict>
			<key>isa</key>
			<string>PBXFileReference</string>
			<key>lastKnownFileType</key>
			<string>folder.assetcatalog</string>
			<key>path</key>
			<string>Images.xcassets</string>
			<key>sourceTree</key>
			<string>&lt;group&gt;</string>
		</dict>
		<key>9D7A2CD418F8124400E880D7</key>
		<dict>
			<key>fileRef</key>
			<string>9D7A2CD318F8124400E880D7</string>
			<key>isa</key>
			<string>PBXBuildFile</string>
		</dict>
		<key>9D7A2CD518F8124400E880D7</key>
		<dict>
			<key>buildActionMask</key>
			<string>2147483647</string>
			<key>files</key>
			<array>
				<string>9D7A2CE818F8124400E880D7</string>
			</array>
			<key>isa</key>
			<string>PBXSourcesBuildPhase</string>
			<key>runOnlyForDeploymentPostprocessing</key>
			<string>0</string>
		</dict>
		<key>9D7A2CD618F8124400E880D7</key>
		<dict>
			<key>buildActionMask</key>
			<string>2147483647</string>
			<key>files</key>
			<array>
				<string>9D7A2CDB18F8124400E880D7</string>
				<string>9D7A2CDE18F8124400E880D7</string>
				<string>9D7A2CDD18F8124400E880D7</string>
				<string>9D7A2CDC18F8124400E880D7</string>
			</array>
			<key>isa</key>
			<string>PBXFrameworksBuildPhase</string>
			<key>runOnlyForDeploymentPostprocessing</key>
			<string>0</string>
		</dict>
		<key>9D7A2CD718F8124400E880D7</key>
		<dict>
			<key>buildActionMask</key>
			<string>2147483647</string>
			<key>files</key>
			<array>
				<string>9D7A2CE618F8124400E880D7</string>
			</array>
			<key>isa</key>
			<string>PBXResourcesBuildPhase</string>
			<key>runOnlyForDeploymentPostprocessing</key>
			<string>0</string>
		</dict>
		<key>9D7A2CD818F8124400E880D7</key>
		<dict>
			<key>buildConfigurationList</key>
			<string>9D7A2CEE18F8124400E880D7</string>
			<key>buildPhases</key>
			<array>
				<string>9D7A2CD518F8124400E880D7</string>
				<string>9D7A2CD618F8124400E880D7</string>
				<string>9D7A2CD718F8124400E880D7</string>
			</array>
			<key>buildRules</key>
			<array/>
			<key>dependencies</key>
			<array>
				<string>9D7A2CE018F8124400E880D7</string>
			</array>
			<key>isa</key>
			<string>PBXNativeTarget</string>
			<key>name</key>
			<string>Locatamator-AlljoynTests</string>
			<key>productName</key>
			<string>Locatamator-AlljoynTests</string>
			<key>productReference</key>
			<string>9D7A2CD918F8124400E880D7</string>
			<key>productType</key>
			<string>com.apple.product-type.bundle.unit-test</string>
		</dict>
		<key>9D7A2CD918F8124400E880D7</key>
		<dict>
			<key>explicitFileType</key>
			<string>wrapper.cfbundle</string>
			<key>includeInIndex</key>
			<string>0</string>
			<key>isa</key>
			<string>PBXFileReference</string>
			<key>path</key>
			<string>Locatamator-AlljoynTests.xctest</string>
			<key>sourceTree</key>
			<string>BUILT_PRODUCTS_DIR</string>
		</dict>
		<key>9D7A2CDA18F8124400E880D7</key>
		<dict>
			<key>isa</key>
			<string>PBXFileReference</string>
			<key>lastKnownFileType</key>
			<string>wrapper.framework</string>
			<key>name</key>
			<string>XCTest.framework</string>
			<key>path</key>
			<string>Library/Frameworks/XCTest.framework</string>
			<key>sourceTree</key>
			<string>DEVELOPER_DIR</string>
		</dict>
		<key>9D7A2CDB18F8124400E880D7</key>
		<dict>
			<key>fileRef</key>
			<string>9D7A2CDA18F8124400E880D7</string>
			<key>isa</key>
			<string>PBXBuildFile</string>
		</dict>
		<key>9D7A2CDC18F8124400E880D7</key>
		<dict>
			<key>fileRef</key>
			<string>9D7A2CBC18F8124300E880D7</string>
			<key>isa</key>
			<string>PBXBuildFile</string>
		</dict>
		<key>9D7A2CDD18F8124400E880D7</key>
		<dict>
			<key>fileRef</key>
			<string>9D7A2CC018F8124300E880D7</string>
			<key>isa</key>
			<string>PBXBuildFile</string>
		</dict>
		<key>9D7A2CDE18F8124400E880D7</key>
		<dict>
			<key>fileRef</key>
			<string>9D7A2CC218F8124300E880D7</string>
			<key>isa</key>
			<string>PBXBuildFile</string>
		</dict>
		<key>9D7A2CDF18F8124400E880D7</key>
		<dict>
			<key>containerPortal</key>
			<string>9D7A2CB118F8124300E880D7</string>
			<key>isa</key>
			<string>PBXContainerItemProxy</string>
			<key>proxyType</key>
			<string>1</string>
			<key>remoteGlobalIDString</key>
			<string>9D7A2CB818F8124300E880D7</string>
			<key>remoteInfo</key>
			<string>Locatamator-Alljoyn</string>
		</dict>
		<key>9D7A2CE018F8124400E880D7</key>
		<dict>
			<key>isa</key>
			<string>PBXTargetDependency</string>
			<key>target</key>
			<string>9D7A2CB818F8124300E880D7</string>
			<key>targetProxy</key>
			<string>9D7A2CDF18F8124400E880D7</string>
		</dict>
		<key>9D7A2CE118F8124400E880D7</key>
		<dict>
			<key>children</key>
			<array>
				<string>9D7A2CE718F8124400E880D7</string>
				<string>9D7A2CE218F8124400E880D7</string>
			</array>
			<key>isa</key>
			<string>PBXGroup</string>
			<key>path</key>
			<string>Locatamator-AlljoynTests</string>
			<key>sourceTree</key>
			<string>&lt;group&gt;</string>
		</dict>
		<key>9D7A2CE218F8124400E880D7</key>
		<dict>
			<key>children</key>
			<array>
				<string>9D7A2CE318F8124400E880D7</string>
				<string>9D7A2CE418F8124400E880D7</string>
			</array>
			<key>isa</key>
			<string>PBXGroup</string>
			<key>name</key>
			<string>Supporting Files</string>
			<key>sourceTree</key>
			<string>&lt;group&gt;</string>
		</dict>
		<key>9D7A2CE318F8124400E880D7</key>
		<dict>
			<key>isa</key>
			<string>PBXFileReference</string>
			<key>lastKnownFileType</key>
			<string>text.plist.xml</string>
			<key>path</key>
			<string>Locatamator-AlljoynTests-Info.plist</string>
			<key>sourceTree</key>
			<string>&lt;group&gt;</string>
		</dict>
		<key>9D7A2CE418F8124400E880D7</key>
		<dict>
			<key>children</key>
			<array>
				<string>9D7A2CE518F8124400E880D7</string>
			</array>
			<key>isa</key>
			<string>PBXVariantGroup</string>
			<key>name</key>
			<string>InfoPlist.strings</string>
			<key>sourceTree</key>
			<string>&lt;group&gt;</string>
		</dict>
		<key>9D7A2CE518F8124400E880D7</key>
		<dict>
			<key>isa</key>
			<string>PBXFileReference</string>
			<key>lastKnownFileType</key>
			<string>text.plist.strings</string>
			<key>name</key>
			<string>en</string>
			<key>path</key>
			<string>en.lproj/InfoPlist.strings</string>
			<key>sourceTree</key>
			<string>&lt;group&gt;</string>
		</dict>
		<key>9D7A2CE618F8124400E880D7</key>
		<dict>
			<key>fileRef</key>
			<string>9D7A2CE418F8124400E880D7</string>
			<key>isa</key>
			<string>PBXBuildFile</string>
		</dict>
		<key>9D7A2CE718F8124400E880D7</key>
		<dict>
			<key>isa</key>
			<string>PBXFileReference</string>
			<key>lastKnownFileType</key>
			<string>sourcecode.c.objc</string>
			<key>path</key>
			<string>Locatamator_AlljoynTests.m</string>
			<key>sourceTree</key>
			<string>&lt;group&gt;</string>
		</dict>
		<key>9D7A2CE818F8124400E880D7</key>
		<dict>
			<key>fileRef</key>
			<string>9D7A2CE718F8124400E880D7</string>
			<key>isa</key>
			<string>PBXBuildFile</string>
		</dict>
		<key>9D7A2CE918F8124400E880D7</key>
		<dict>
			<key>buildSettings</key>
			<dict>
				<key>ALWAYS_SEARCH_USER_PATHS</key>
				<string>NO</string>
				<key>CLANG_CXX_LANGUAGE_STANDARD</key>
				<string>gnu++0x</string>
				<key>CLANG_CXX_LIBRARY</key>
				<string>libc++</string>
				<key>CLANG_ENABLE_MODULES</key>
				<string>YES</string>
				<key>CLANG_ENABLE_OBJC_ARC</key>
				<string>YES</string>
				<key>CLANG_WARN_BOOL_CONVERSION</key>
				<string>YES</string>
				<key>CLANG_WARN_CONSTANT_CONVERSION</key>
				<string>YES</string>
				<key>CLANG_WARN_DIRECT_OBJC_ISA_USAGE</key>
				<string>YES_ERROR</string>
				<key>CLANG_WARN_EMPTY_BODY</key>
				<string>YES</string>
				<key>CLANG_WARN_ENUM_CONVERSION</key>
				<string>YES</string>
				<key>CLANG_WARN_INT_CONVERSION</key>
				<string>YES</string>
				<key>CLANG_WARN_OBJC_ROOT_CLASS</key>
				<string>YES_ERROR</string>
				<key>CLANG_WARN__DUPLICATE_METHOD_MATCH</key>
				<string>YES</string>
				<key>CODE_SIGN_IDENTITY[sdk=iphoneos*]</key>
				<string>iPhone Developer</string>
				<key>COPY_PHASE_STRIP</key>
				<string>NO</string>
				<key>GCC_C_LANGUAGE_STANDARD</key>
				<string>gnu99</string>
				<key>GCC_DYNAMIC_NO_PIC</key>
				<string>NO</string>
				<key>GCC_OPTIMIZATION_LEVEL</key>
				<string>0</string>
				<key>GCC_PREPROCESSOR_DEFINITIONS</key>
				<array>
					<string>DEBUG=1</string>
					<string>$(inherited)</string>
				</array>
				<key>GCC_SYMBOLS_PRIVATE_EXTERN</key>
				<string>NO</string>
				<key>GCC_WARN_64_TO_32_BIT_CONVERSION</key>
				<string>YES</string>
				<key>GCC_WARN_ABOUT_RETURN_TYPE</key>
				<string>YES_ERROR</string>
				<key>GCC_WARN_UNDECLARED_SELECTOR</key>
				<string>YES</string>
				<key>GCC_WARN_UNINITIALIZED_AUTOS</key>
				<string>YES_AGGRESSIVE</string>
				<key>GCC_WARN_UNUSED_FUNCTION</key>
				<string>YES</string>
				<key>GCC_WARN_UNUSED_VARIABLE</key>
				<string>YES</string>
				<key>IPHONEOS_DEPLOYMENT_TARGET</key>
				<string>7.1</string>
				<key>ONLY_ACTIVE_ARCH</key>
				<string>YES</string>
				<key>SDKROOT</key>
				<string>iphoneos</string>
			</dict>
			<key>isa</key>
			<string>XCBuildConfiguration</string>
			<key>name</key>
			<string>Debug</string>
		</dict>
		<key>9D7A2CEA18F8124400E880D7</key>
		<dict>
			<key>buildSettings</key>
			<dict>
				<key>ALWAYS_SEARCH_USER_PATHS</key>
				<string>NO</string>
				<key>CLANG_CXX_LANGUAGE_STANDARD</key>
				<string>gnu++0x</string>
				<key>CLANG_CXX_LIBRARY</key>
				<string>libc++</string>
				<key>CLANG_ENABLE_MODULES</key>
				<string>YES</string>
				<key>CLANG_ENABLE_OBJC_ARC</key>
				<string>YES</string>
				<key>CLANG_WARN_BOOL_CONVERSION</key>
				<string>YES</string>
				<key>CLANG_WARN_CONSTANT_CONVERSION</key>
				<string>YES</string>
				<key>CLANG_WARN_DIRECT_OBJC_ISA_USAGE</key>
				<string>YES_ERROR</string>
				<key>CLANG_WARN_EMPTY_BODY</key>
				<string>YES</string>
				<key>CLANG_WARN_ENUM_CONVERSION</key>
				<string>YES</string>
				<key>CLANG_WARN_INT_CONVERSION</key>
				<string>YES</string>
				<key>CLANG_WARN_OBJC_ROOT_CLASS</key>
				<string>YES_ERROR</string>
				<key>CLANG_WARN__DUPLICATE_METHOD_MATCH</key>
				<string>YES</string>
				<key>CODE_SIGN_IDENTITY[sdk=iphoneos*]</key>
				<string>iPhone Developer</string>
				<key>COPY_PHASE_STRIP</key>
				<string>YES</string>
				<key>ENABLE_NS_ASSERTIONS</key>
				<string>NO</string>
				<key>GCC_C_LANGUAGE_STANDARD</key>
				<string>gnu99</string>
				<key>GCC_WARN_64_TO_32_BIT_CONVERSION</key>
				<string>YES</string>
				<key>GCC_WARN_ABOUT_RETURN_TYPE</key>
				<string>YES_ERROR</string>
				<key>GCC_WARN_UNDECLARED_SELECTOR</key>
				<string>YES</string>
				<key>GCC_WARN_UNINITIALIZED_AUTOS</key>
				<string>YES_AGGRESSIVE</string>
				<key>GCC_WARN_UNUSED_FUNCTION</key>
				<string>YES</string>
				<key>GCC_WARN_UNUSED_VARIABLE</key>
				<string>YES</string>
				<key>IPHONEOS_DEPLOYMENT_TARGET</key>
				<string>7.1</string>
				<key>ONLY_ACTIVE_ARCH</key>
				<string>YES</string>
				<key>SDKROOT</key>
				<string>iphoneos</string>
				<key>VALIDATE_PRODUCT</key>
				<string>YES</string>
			</dict>
			<key>isa</key>
			<string>XCBuildConfiguration</string>
			<key>name</key>
			<string>Release</string>
		</dict>
		<key>9D7A2CEB18F8124400E880D7</key>
		<dict>
			<key>buildConfigurations</key>
			<array>
				<string>9D7A2CEC18F8124400E880D7</string>
				<string>9D7A2CED18F8124400E880D7</string>
			</array>
			<key>defaultConfigurationIsVisible</key>
			<string>0</string>
			<key>defaultConfigurationName</key>
			<string>Release</string>
			<key>isa</key>
			<string>XCConfigurationList</string>
		</dict>
		<key>9D7A2CEC18F8124400E880D7</key>
		<dict>
			<key>baseConfigurationReference</key>
			<string>2B8FD4A4FEFB470F9C0B32E1</string>
			<key>buildSettings</key>
			<dict>
				<key>ARCHS</key>
				<string>$(ARCHS_STANDARD)</string>
				<key>ASSETCATALOG_COMPILER_APPICON_NAME</key>
				<string>AppIcon</string>
				<key>ASSETCATALOG_COMPILER_LAUNCHIMAGE_NAME</key>
				<string>LaunchImage</string>
				<key>CLANG_CXX_LANGUAGE_STANDARD</key>
				<string>compiler-default</string>
				<key>CLANG_CXX_LIBRARY</key>
				<string>compiler-default</string>
				<key>CLANG_ENABLE_MODULES</key>
				<string>NO</string>
				<key>CLANG_WARN_DIRECT_OBJC_ISA_USAGE</key>
				<string>YES</string>
				<key>CLANG_WARN_OBJC_ROOT_CLASS</key>
				<string>YES</string>
				<key>CODE_SIGN_IDENTITY</key>
				<string>iPhone Developer</string>
				<key>CODE_SIGN_IDENTITY[sdk=iphoneos*]</key>
				<string>iPhone Developer</string>
				<key>ENABLE_NS_ASSERTIONS</key>
				<string>YES</string>
				<key>GCC_C_LANGUAGE_STANDARD</key>
				<string>gnu99</string>
				<key>GCC_ENABLE_CPP_EXCEPTIONS</key>
				<string>NO</string>
				<key>GCC_ENABLE_CPP_RTTI</key>
				<string>NO</string>
				<key>GCC_PRECOMPILE_PREFIX_HEADER</key>
				<string>YES</string>
				<key>GCC_PREFIX_HEADER</key>
				<string>Locatamator-Alljoyn/Locatamator-Alljoyn-Prefix.pch</string>
				<key>GCC_WARN_ABOUT_RETURN_TYPE</key>
				<string>YES</string>
				<key>GCC_WARN_UNINITIALIZED_AUTOS</key>
				<string>YES</string>
				<key>HEADER_SEARCH_PATHS</key>
				<array>
					<string>$(inherited)</string>
					<string>"$(SRCROOT)/Locatamator-Alljoyn/alljoyn-sdk/darwin/arm/$(PLATFORM_NAME)/$(CONFIGURATION)/dist/cpp/inc"</string>
					<string>"$(SRCROOT)/Locatamator-Alljoyn/alljoyn-sdk/darwin/arm/$(PLATFORM_NAME)/$(CONFIGURATION)/dist/cpp/inc/alljoyn"</string>
				</array>
				<key>INFOPLIST_FILE</key>
				<string>Locatamator-Alljoyn/Locatamator-Alljoyn-Info.plist</string>
				<key>LIBRARY_SEARCH_PATHS</key>
				<array>
					<string>$(inherited)</string>
					<string>"$(SRCROOT)/Locatamator-Alljoyn/alljoyn-sdk/darwin/$(CURRENT_ARCH)/$(PLATFORM_NAME)/$(CONFIGURATION)/dist/cpp/lib"</string>
					<string>"$(SRCROOT)/Locatamator-Alljoyn/openssl/build/$(CONFIGURATION)-$(PLATFORM_NAME)"</string>
				</array>
				<key>ONLY_ACTIVE_ARCH</key>
				<string>NO</string>
				<key>OTHER_CFLAGS</key>
				<array>
					<string>-DQCC_OS_GROUP_POSIX</string>
					<string>-DQCC_OS_DARWIN</string>
				</array>
				<key>OTHER_LDFLAGS</key>
				<array>
					<string>-lalljoyn</string>
					<string>-lajrouter</string>
					<string>-lBundledRouter.o</string>
					<string>-lssl</string>
					<string>-lcrypto</string>
				</array>
				<key>PRODUCT_NAME</key>
				<string>$(TARGET_NAME)</string>
				<key>PROVISIONING_PROFILE</key>
				<string></string>
				<key>VALID_ARCHS</key>
				<string>armv7 armv7s</string>
				<key>WRAPPER_EXTENSION</key>
				<string>app</string>
			</dict>
			<key>isa</key>
			<string>XCBuildConfiguration</string>
			<key>name</key>
			<string>Debug</string>
		</dict>
		<key>9D7A2CED18F8124400E880D7</key>
		<dict>
			<key>baseConfigurationReference</key>
			<string>2B8FD4A4FEFB470F9C0B32E1</string>
			<key>buildSettings</key>
			<dict>
				<key>ARCHS</key>
				<string>$(ARCHS_STANDARD)</string>
				<key>ASSETCATALOG_COMPILER_APPICON_NAME</key>
				<string>AppIcon</string>
				<key>ASSETCATALOG_COMPILER_LAUNCHIMAGE_NAME</key>
				<string>LaunchImage</string>
				<key>CLANG_CXX_LANGUAGE_STANDARD</key>
				<string>compiler-default</string>
				<key>CLANG_CXX_LIBRARY</key>
				<string>compiler-default</string>
				<key>CLANG_ENABLE_MODULES</key>
				<string>NO</string>
				<key>CLANG_WARN_DIRECT_OBJC_ISA_USAGE</key>
				<string>YES</string>
				<key>CLANG_WARN_OBJC_ROOT_CLASS</key>
				<string>YES</string>
				<key>CODE_SIGN_IDENTITY</key>
				<string>iPhone Developer</string>
				<key>CODE_SIGN_IDENTITY[sdk=iphoneos*]</key>
				<string>iPhone Developer</string>
				<key>ENABLE_NS_ASSERTIONS</key>
				<string>YES</string>
				<key>GCC_C_LANGUAGE_STANDARD</key>
				<string>gnu99</string>
				<key>GCC_ENABLE_CPP_EXCEPTIONS</key>
				<string>NO</string>
				<key>GCC_ENABLE_CPP_RTTI</key>
				<string>NO</string>
				<key>GCC_PRECOMPILE_PREFIX_HEADER</key>
				<string>YES</string>
				<key>GCC_PREFIX_HEADER</key>
				<string>Locatamator-Alljoyn/Locatamator-Alljoyn-Prefix.pch</string>
				<key>GCC_WARN_ABOUT_RETURN_TYPE</key>
				<string>YES</string>
				<key>GCC_WARN_UNINITIALIZED_AUTOS</key>
				<string>YES</string>
				<key>HEADER_SEARCH_PATHS</key>
				<array>
					<string>$(inherited)</string>
					<string>"$(SRCROOT)/Locatamator-Alljoyn/alljoyn-sdk/darwin/arm/$(PLATFORM_NAME)/$(CONFIGURATION)/dist/cpp/inc"</string>
					<string>"$(SRCROOT)/Locatamator-Alljoyn/alljoyn-sdk/darwin/arm/$(PLATFORM_NAME)/$(CONFIGURATION)/dist/cpp/inc/alljoyn"</string>
				</array>
				<key>INFOPLIST_FILE</key>
				<string>Locatamator-Alljoyn/Locatamator-Alljoyn-Info.plist</string>
				<key>LIBRARY_SEARCH_PATHS</key>
				<array>
					<string>$(inherited)</string>
					<string>"$(SRCROOT)/Locatamator-Alljoyn/alljoyn-sdk/darwin/$(CURRENT_ARCH)/$(PLATFORM_NAME)/$(CONFIGURATION)/dist/cpp/lib"</string>
					<string>"$(SRCROOT)/Locatamator-Alljoyn/openssl/build/$(CONFIGURATION)-$(PLATFORM_NAME)"</string>
				</array>
				<key>ONLY_ACTIVE_ARCH</key>
				<string>NO</string>
				<key>OTHER_CFLAGS</key>
				<array>
					<string>-DNS_BLOCK_ASSERTIONS=1</string>
					<string>-DQCC_OS_GROUP_POSIX</string>
					<string>-DQCC_OS_DARWIN</string>
				</array>
				<key>OTHER_LDFLAGS</key>
				<array>
					<string>-lalljoyn</string>
					<string>-lajrouter</string>
					<string>-lBundledRouter.o</string>
					<string>-lssl</string>
					<string>-lcrypto</string>
				</array>
				<key>PRODUCT_NAME</key>
				<string>$(TARGET_NAME)</string>
				<key>PROVISIONING_PROFILE</key>
				<string></string>
				<key>VALID_ARCHS</key>
				<string>armv7 armv7s</string>
				<key>WRAPPER_EXTENSION</key>
				<string>app</string>
			</dict>
			<key>isa</key>
			<string>XCBuildConfiguration</string>
			<key>name</key>
			<string>Release</string>
		</dict>
		<key>9D7A2CEE18F8124400E880D7</key>
		<dict>
			<key>buildConfigurations</key>
			<array>
				<string>9D7A2CEF18F8124400E880D7</string>
				<string>9D7A2CF018F8124400E880D7</string>
			</array>
			<key>defaultConfigurationIsVisible</key>
			<string>0</string>
			<key>defaultConfigurationName</key>
			<string>Release</string>
			<key>isa</key>
			<string>XCConfigurationList</string>
		</dict>
		<key>9D7A2CEF18F8124400E880D7</key>
		<dict>
			<key>buildSettings</key>
			<dict>
				<key>BUNDLE_LOADER</key>
				<string>$(BUILT_PRODUCTS_DIR)/Locatamator-Alljoyn.app/Locatamator-Alljoyn</string>
				<key>FRAMEWORK_SEARCH_PATHS</key>
				<array>
					<string>$(SDKROOT)/Developer/Library/Frameworks</string>
					<string>$(inherited)</string>
					<string>$(DEVELOPER_FRAMEWORKS_DIR)</string>
				</array>
				<key>GCC_PRECOMPILE_PREFIX_HEADER</key>
				<string>YES</string>
				<key>GCC_PREFIX_HEADER</key>
				<string>Locatamator-Alljoyn/Locatamator-Alljoyn-Prefix.pch</string>
				<key>GCC_PREPROCESSOR_DEFINITIONS</key>
				<array>
					<string>DEBUG=1</string>
					<string>$(inherited)</string>
				</array>
				<key>INFOPLIST_FILE</key>
				<string>Locatamator-AlljoynTests/Locatamator-AlljoynTests-Info.plist</string>
				<key>PRODUCT_NAME</key>
				<string>$(TARGET_NAME)</string>
				<key>TEST_HOST</key>
				<string>$(BUNDLE_LOADER)</string>
				<key>WRAPPER_EXTENSION</key>
				<string>xctest</string>
			</dict>
			<key>isa</key>
			<string>XCBuildConfiguration</string>
			<key>name</key>
			<string>Debug</string>
		</dict>
		<key>9D7A2CF018F8124400E880D7</key>
		<dict>
			<key>buildSettings</key>
			<dict>
				<key>BUNDLE_LOADER</key>
				<string>$(BUILT_PRODUCTS_DIR)/Locatamator-Alljoyn.app/Locatamator-Alljoyn</string>
				<key>FRAMEWORK_SEARCH_PATHS</key>
				<array>
					<string>$(SDKROOT)/Developer/Library/Frameworks</string>
					<string>$(inherited)</string>
					<string>$(DEVELOPER_FRAMEWORKS_DIR)</string>
				</array>
				<key>GCC_PRECOMPILE_PREFIX_HEADER</key>
				<string>YES</string>
				<key>GCC_PREFIX_HEADER</key>
				<string>Locatamator-Alljoyn/Locatamator-Alljoyn-Prefix.pch</string>
				<key>INFOPLIST_FILE</key>
				<string>Locatamator-AlljoynTests/Locatamator-AlljoynTests-Info.plist</string>
				<key>PRODUCT_NAME</key>
				<string>$(TARGET_NAME)</string>
				<key>TEST_HOST</key>
				<string>$(BUNDLE_LOADER)</string>
				<key>WRAPPER_EXTENSION</key>
				<string>xctest</string>
			</dict>
			<key>isa</key>
			<string>XCBuildConfiguration</string>
			<key>name</key>
			<string>Release</string>
		</dict>
		<key>9D7A2CF118F812F100E880D7</key>
		<dict>
			<key>fileEncoding</key>
			<string>4</string>
			<key>isa</key>
			<string>PBXFileReference</string>
			<key>lastKnownFileType</key>
			<string>text.xml</string>
			<key>path</key>
			<string>SimpleAllJoynObjectModel.xml</string>
			<key>sourceTree</key>
			<string>&lt;group&gt;</string>
		</dict>
		<key>9D7A2CF218F812F100E880D7</key>
		<dict>
			<key>fileRef</key>
			<string>9D7A2CF118F812F100E880D7</string>
			<key>isa</key>
			<string>PBXBuildFile</string>
		</dict>
		<key>9D7A2CF318F8614E00E880D7</key>
		<dict>
			<key>buildArgumentsString</key>
			<string>"$(SOURCE_ROOT)/Locatamator-Alljoyn/SimpleAllJoynObjectModel.xml" SampleObject</string>
			<key>buildConfigurationList</key>
			<string>9D7A2CF418F8614E00E880D7</string>
			<key>buildPhases</key>
			<array/>
			<key>buildToolPath</key>
			<string>../bin/AllJoynCodeGenerator</string>
			<key>buildWorkingDirectory</key>
			<string></string>
			<key>dependencies</key>
			<array/>
			<key>isa</key>
			<string>PBXLegacyTarget</string>
			<key>name</key>
			<string>Generate Code</string>
			<key>passBuildSettingsInEnvironment</key>
			<string>1</string>
			<key>productName</key>
			<string>Generate Code</string>
		</dict>
		<key>9D7A2CF418F8614E00E880D7</key>
		<dict>
			<key>buildConfigurations</key>
			<array>
				<string>9D7A2CF518F8614E00E880D7</string>
				<string>9D7A2CF618F8614E00E880D7</string>
			</array>
			<key>defaultConfigurationIsVisible</key>
			<string>0</string>
			<key>defaultConfigurationName</key>
			<string>Release</string>
			<key>isa</key>
			<string>XCConfigurationList</string>
		</dict>
		<key>9D7A2CF518F8614E00E880D7</key>
		<dict>
			<key>buildSettings</key>
			<dict>
				<key>DEBUGGING_SYMBOLS</key>
				<string>YES</string>
				<key>GCC_ENABLE_OBJC_EXCEPTIONS</key>
				<string>YES</string>
				<key>GCC_GENERATE_DEBUGGING_SYMBOLS</key>
				<string>YES</string>
				<key>GCC_OPTIMIZATION_LEVEL</key>
				<string>0</string>
				<key>GCC_PREPROCESSOR_DEFINITIONS</key>
				<array>
					<string>DEBUG=1</string>
					<string>$(inherited)</string>
				</array>
				<key>MACOSX_DEPLOYMENT_TARGET</key>
				<string>10.9</string>
				<key>OTHER_CFLAGS</key>
				<string></string>
				<key>OTHER_LDFLAGS</key>
				<string></string>
				<key>PRODUCT_NAME</key>
				<string>$(TARGET_NAME)</string>
				<key>SDKROOT</key>
				<string>macosx</string>
			</dict>
			<key>isa</key>
			<string>XCBuildConfiguration</string>
			<key>name</key>
			<string>Debug</string>
		</dict>
		<key>9D7A2CF618F8614E00E880D7</key>
		<dict>
			<key>buildSettings</key>
			<dict>
				<key>DEBUG_INFORMATION_FORMAT</key>
				<string>dwarf-with-dsym</string>
				<key>GCC_ENABLE_OBJC_EXCEPTIONS</key>
				<string>YES</string>
				<key>MACOSX_DEPLOYMENT_TARGET</key>
				<string>10.9</string>
				<key>OTHER_CFLAGS</key>
				<string></string>
				<key>OTHER_LDFLAGS</key>
				<string></string>
				<key>PRODUCT_NAME</key>
				<string>$(TARGET_NAME)</string>
				<key>SDKROOT</key>
				<string>macosx</string>
			</dict>
			<key>isa</key>
			<string>XCBuildConfiguration</string>
			<key>name</key>
			<string>Release</string>
		</dict>
		<key>9DDE0F4318F887C600BAE073</key>
		<dict>
			<key>fileEncoding</key>
			<string>4</string>
			<key>isa</key>
			<string>PBXFileReference</string>
			<key>lastKnownFileType</key>
			<string>sourcecode.c.h</string>
			<key>path</key>
			<string>AJNSampleObject.h</string>
			<key>sourceTree</key>
			<string>&lt;group&gt;</string>
		</dict>
		<key>9DDE0F4418F887C600BAE073</key>
		<dict>
			<key>fileEncoding</key>
			<string>4</string>
			<key>isa</key>
			<string>PBXFileReference</string>
			<key>lastKnownFileType</key>
			<string>sourcecode.cpp.objcpp</string>
			<key>path</key>
			<string>AJNSampleObject.mm</string>
			<key>sourceTree</key>
			<string>&lt;group&gt;</string>
		</dict>
		<key>9DDE0F4518F887C600BAE073</key>
		<dict>
			<key>fileEncoding</key>
			<string>4</string>
			<key>isa</key>
			<string>PBXFileReference</string>
			<key>lastKnownFileType</key>
			<string>sourcecode.c.h</string>
			<key>path</key>
			<string>SampleObject.h</string>
			<key>sourceTree</key>
			<string>&lt;group&gt;</string>
		</dict>
		<key>9DDE0F4618F887C600BAE073</key>
		<dict>
			<key>fileEncoding</key>
			<string>4</string>
			<key>isa</key>
			<string>PBXFileReference</string>
			<key>lastKnownFileType</key>
			<string>sourcecode.c.objc</string>
			<key>path</key>
			<string>SampleObject.m</string>
			<key>sourceTree</key>
			<string>&lt;group&gt;</string>
		</dict>
		<key>9DDE0F4718F887C600BAE073</key>
		<dict>
			<key>fileRef</key>
			<string>9DDE0F4418F887C600BAE073</string>
			<key>isa</key>
			<string>PBXBuildFile</string>
		</dict>
		<key>9DDE0F4818F887C600BAE073</key>
		<dict>
			<key>fileRef</key>
			<string>9DDE0F4618F887C600BAE073</string>
			<key>isa</key>
			<string>PBXBuildFile</string>
		</dict>
		<key>9DDE0F4918F88ED500BAE073</key>
		<dict>
			<key>isa</key>
			<string>PBXFileReference</string>
			<key>lastKnownFileType</key>
			<string>wrapper.framework</string>
			<key>name</key>
			<string>SystemConfiguration.framework</string>
			<key>path</key>
			<string>System/Library/Frameworks/SystemConfiguration.framework</string>
			<key>sourceTree</key>
			<string>SDKROOT</string>
		</dict>
		<key>9DDE0F4A18F88ED500BAE073</key>
		<dict>
			<key>fileRef</key>
			<string>9DDE0F4918F88ED500BAE073</string>
			<key>isa</key>
			<string>PBXBuildFile</string>
		</dict>
		<key>9DDE0F4B18F88EE300BAE073</key>
		<dict>
			<key>isa</key>
			<string>PBXFileReference</string>
			<key>lastKnownFileType</key>
			<string>compiled.mach-o.dylib</string>
			<key>name</key>
			<string>libstdc++.dylib</string>
			<key>path</key>
			<string>usr/lib/libstdc++.dylib</string>
			<key>sourceTree</key>
			<string>SDKROOT</string>
		</dict>
		<key>9DDE0F4C18F88EE300BAE073</key>
		<dict>
			<key>fileRef</key>
			<string>9DDE0F4B18F88EE300BAE073</string>
			<key>isa</key>
			<string>PBXBuildFile</string>
		</dict>
		<key>A2C8FADDAF82426B8CAC4A9B</key>
		<dict>
			<key>buildActionMask</key>
			<string>2147483647</string>
			<key>files</key>
			<array/>
			<key>inputPaths</key>
			<array/>
			<key>isa</key>
			<string>PBXShellScriptBuildPhase</string>
			<key>name</key>
			<string>Copy Pods Resources</string>
			<key>outputPaths</key>
			<array/>
			<key>runOnlyForDeploymentPostprocessing</key>
			<string>0</string>
			<key>shellPath</key>
			<string>/bin/sh</string>
			<key>shellScript</key>
			<string>"${SRCROOT}/Pods/Pods-resources.sh"
</string>
			<key>showEnvVarsInLog</key>
			<string>0</string>
		</dict>
		<key>C69C20A46207473CAE95CB83</key>
		<dict>
			<key>fileRef</key>
			<string>5757BC44128B432E890515DD</string>
			<key>isa</key>
			<string>PBXBuildFile</string>
		</dict>
		<key>C804BFD7F6894942B60C45F3</key>
		<dict>
			<key>buildActionMask</key>
			<string>2147483647</string>
			<key>files</key>
			<array/>
			<key>inputPaths</key>
			<array/>
			<key>isa</key>
			<string>PBXShellScriptBuildPhase</string>
			<key>name</key>
			<string>Check Pods Manifest.lock</string>
			<key>outputPaths</key>
			<array/>
			<key>runOnlyForDeploymentPostprocessing</key>
			<string>0</string>
			<key>shellPath</key>
			<string>/bin/sh</string>
			<key>shellScript</key>
			<string>diff "${PODS_ROOT}/../Podfile.lock" "${PODS_ROOT}/Manifest.lock" &gt; /dev/null
if [[ $? != 0 ]] ; then
    cat &lt;&lt; EOM
error: The sandbox is not in sync with the Podfile.lock. Run 'pod install' or update your CocoaPods installation.
EOM
    exit 1
fi
</string>
			<key>showEnvVarsInLog</key>
			<string>0</string>
		</dict>
	</dict>
	<key>rootObject</key>
	<string>9D7A2CB118F8124300E880D7</string>
</dict>
</plist>
